
Microsoft Visual Studio Solution File, Format Version 12.00
# Visual Studio Version 17
VisualStudioVersion = 17.8.34316.72
MinimumVisualStudioVersion = 10.0.40219.1
Project("{FAE04EC0-301F-11D3-BF4B-00C04F79EFBC}") = "AutoSortFolder", "AutoSortFolder\AutoSortFolder.csproj", "{38F24CCE-69B8-417D-B4D6-18BFACB0A48C}"
EndProject
Global
	GlobalSection(SolutionConfigurationPlatforms) = preSolution
		Debug|Any CPU = Debug|Any CPU
		Release|Any CPU = Release|Any CPU
	EndGlobalSection
	GlobalSection(ProjectConfigurationPlatforms) = postSolution
		{38F24CCE-69B8-417D-B4D6-18BFACB0A48C}.Debug|Any CPU.ActiveCfg = Debug|Any CPU
		{38F24CCE-69B8-417D-B4D6-18BFACB0A48C}.Debug|Any CPU.Build.0 = Debug|Any CPU
		{38F24CCE-69B8-417D-B4D6-18BFACB0A48C}.Release|Any CPU.ActiveCfg = Release|Any CPU
		{38F24CCE-69B8-417D-B4D6-18BFACB0A48C}.Release|Any CPU.Build.0 = Release|Any CPU
	EndGlobalSection
	GlobalSection(SolutionProperties) = preSolution
		HideSolutionNode = FALSE
	EndGlobalSection
	GlobalSection(ExtensibilityGlobals) = postSolution
		SolutionGuid = {599F2E8F-12DE-4522-B9A5-FBBD68A3A123}
	EndGlobalSection
EndGlobal
